# This file is automatically @generated by Poetry 1.5.1 and should not be changed by hand.

[[package]]
name = "distro"
version = "1.8.0"
description = "Distro - an OS platform information API"
optional = false
python-versions = ">=3.6"
files = [
    {file = "distro-1.8.0-py3-none-any.whl", hash = "sha256:99522ca3e365cac527b44bde033f64c6945d90eb9f769703caaec52b09bbd3ff"},
    {file = "distro-1.8.0.tar.gz", hash = "sha256:02e111d1dc6a50abb8eed6bf31c3e48ed8b0830d1ea2a1b78c61765c2513fdd8"},
]

[[package]]
name = "jpype1"
version = "1.4.1"
description = "A Python to Java bridge."
optional = false
python-versions = ">=3.7"
files = [
    {file = "JPype1-1.4.1-cp310-cp310-macosx_10_9_universal2.whl", hash = "sha256:233a6a1a9c7f3633e7d74c14039f7ea35df81e138241f1acc8f94f65a8bd086e"},
    {file = "JPype1-1.4.1-cp310-cp310-manylinux_2_12_i686.manylinux2010_i686.whl", hash = "sha256:0099e77c6e99af13089b1c89cd99681b485fbf74daa492ee38e35d90d6349ffc"},
    {file = "JPype1-1.4.1-cp310-cp310-manylinux_2_12_x86_64.manylinux2010_x86_64.whl", hash = "sha256:213f7154a7cc859dead7143cfee255bd3ce57938e0a5f2250b6768af0cef62c8"},
    {file = "JPype1-1.4.1-cp310-cp310-win_amd64.whl", hash = "sha256:8d94013dfed3d1c7ee193e86393b2aea756a9910d222b7167ed493f9a0b1b3d5"},
    {file = "JPype1-1.4.1-cp311-cp311-macosx_10_9_universal2.whl", hash = "sha256:34373696c3457f1d686639d928ef53b6a121203d9c0e651ed44dd3adf78bedb3"},
    {file = "JPype1-1.4.1-cp311-cp311-manylinux_2_17_i686.manylinux2014_i686.whl", hash = "sha256:7622d07408e6d9a89e9eb70d4a9a675e51d5411657ac434ccec23cc94b828d9c"},
    {file = "JPype1-1.4.1-cp311-cp311-manylinux_2_17_x86_64.manylinux2014_x86_64.whl", hash = "sha256:5d960ce12c3913242f9e4a11e55afa9c38e1a5410d0a38cc5a21086415c38a02"},
    {file = "JPype1-1.4.1-cp311-cp311-win_amd64.whl", hash = "sha256:5473a89d2cab327e38382fd69d1209517bad44158fb3ee9e699ebfeb5bc1cd51"},
    {file = "JPype1-1.4.1-cp37-cp37m-macosx_10_9_x86_64.whl", hash = "sha256:d85489a27c58b1b21feb8601406319b6a51d233ae9fa27de9b24c4dfea560b22"},
    {file = "JPype1-1.4.1-cp37-cp37m-manylinux_2_12_i686.manylinux2010_i686.whl", hash = "sha256:9ce364d26ccbf7a21e35737f62663ce8d3aeb4e4b0f05d7e71f6126a6eb81059"},
    {file = "JPype1-1.4.1-cp37-cp37m-manylinux_2_12_x86_64.manylinux2010_x86_64.whl", hash = "sha256:b9e29a0ea763c16d0fb05528785d4ed0fa56a421d600eca87e43398b569d2dea"},
    {file = "JPype1-1.4.1-cp37-cp37m-win_amd64.whl", hash = "sha256:8c2fef2d0c298c8e69b2880ff866fa5db5f477ddd78ef310a357d697362c9f89"},
    {file = "JPype1-1.4.1-cp38-cp38-macosx_10_9_x86_64.whl", hash = "sha256:6089cd28067d77e5b4a09e272525ecd70f838b92a7c08d91d4fa7d192ec3f3bb"},
    {file = "JPype1-1.4.1-cp38-cp38-manylinux_2_12_i686.manylinux2010_i686.whl", hash = "sha256:24e601a31fb3b44decd5389ea87cbc39aaa0c61980c39b060561f9dc604f4cc5"},
    {file = "JPype1-1.4.1-cp38-cp38-manylinux_2_12_x86_64.manylinux2010_x86_64.whl", hash = "sha256:000556d5839ffbe61c12f1fa41cbfd4e9a0abe103e0100febacc069d75defa8f"},
    {file = "JPype1-1.4.1-cp38-cp38-win_amd64.whl", hash = "sha256:7039db1a522af55cf89f6a4a72120f8b074abcde2535543da34616640ecbb3c1"},
    {file = "JPype1-1.4.1-cp39-cp39-macosx_10_9_x86_64.whl", hash = "sha256:bd8bd76bf8741fa20d44ded776e6a3ea7fe103bcab7156f53ba7a72c50b7dd2f"},
    {file = "JPype1-1.4.1-cp39-cp39-manylinux_2_12_i686.manylinux2010_i686.whl", hash = "sha256:d483a6c3e6cb19065e71d322c4742efcfafc44bf1a67ef8ef75f78626158c3d9"},
    {file = "JPype1-1.4.1-cp39-cp39-manylinux_2_12_x86_64.manylinux2010_x86_64.whl", hash = "sha256:04ea4be3e9471bf62ccdeccc2417ad6b9a300effcc0e5f6af9534eafa14e3978"},
    {file = "JPype1-1.4.1-cp39-cp39-win_amd64.whl", hash = "sha256:8692a7b14e807b224673010a648ab12415d3bc32323e351f03e6c64814ee319b"},
    {file = "JPype1-1.4.1.tar.gz", hash = "sha256:dc8ee854073474ad79ae168d90c2f6893854f58936cfa18f3587cadae0d3696d"},
]

[package.dependencies]
packaging = "*"

[package.extras]
docs = ["readthedocs-sphinx-ext", "sphinx", "sphinx-rtd-theme"]
tests = ["pytest"]

[[package]]
name = "numpy"
version = "1.25.2"
description = "Fundamental package for array computing in Python"
optional = false
python-versions = ">=3.9"
files = [
    {file = "numpy-1.25.2-cp310-cp310-macosx_10_9_x86_64.whl", hash = "sha256:db3ccc4e37a6873045580d413fe79b68e47a681af8db2e046f1dacfa11f86eb3"},
    {file = "numpy-1.25.2-cp310-cp310-macosx_11_0_arm64.whl", hash = "sha256:90319e4f002795ccfc9050110bbbaa16c944b1c37c0baeea43c5fb881693ae1f"},
    {file = "numpy-1.25.2-cp310-cp310-manylinux_2_17_aarch64.manylinux2014_aarch64.whl", hash = "sha256:dfe4a913e29b418d096e696ddd422d8a5d13ffba4ea91f9f60440a3b759b0187"},
    {file = "numpy-1.25.2-cp310-cp310-manylinux_2_17_x86_64.manylinux2014_x86_64.whl", hash = "sha256:f08f2e037bba04e707eebf4bc934f1972a315c883a9e0ebfa8a7756eabf9e357"},
    {file = "numpy-1.25.2-cp310-cp310-musllinux_1_1_x86_64.whl", hash = "sha256:bec1e7213c7cb00d67093247f8c4db156fd03075f49876957dca4711306d39c9"},
    {file = "numpy-1.25.2-cp310-cp310-win32.whl", hash = "sha256:7dc869c0c75988e1c693d0e2d5b26034644399dd929bc049db55395b1379e044"},
    {file = "numpy-1.25.2-cp310-cp310-win_amd64.whl", hash = "sha256:834b386f2b8210dca38c71a6e0f4fd6922f7d3fcff935dbe3a570945acb1b545"},
    {file = "numpy-1.25.2-cp311-cp311-macosx_10_9_x86_64.whl", hash = "sha256:c5462d19336db4560041517dbb7759c21d181a67cb01b36ca109b2ae37d32418"},
    {file = "numpy-1.25.2-cp311-cp311-macosx_11_0_arm64.whl", hash = "sha256:c5652ea24d33585ea39eb6a6a15dac87a1206a692719ff45d53c5282e66d4a8f"},
    {file = "numpy-1.25.2-cp311-cp311-manylinux_2_17_aarch64.manylinux2014_aarch64.whl", hash = "sha256:0d60fbae8e0019865fc4784745814cff1c421df5afee233db6d88ab4f14655a2"},
    {file = "numpy-1.25.2-cp311-cp311-manylinux_2_17_x86_64.manylinux2014_x86_64.whl", hash = "sha256:60e7f0f7f6d0eee8364b9a6304c2845b9c491ac706048c7e8cf47b83123b8dbf"},
    {file = "numpy-1.25.2-cp311-cp311-musllinux_1_1_x86_64.whl", hash = "sha256:bb33d5a1cf360304754913a350edda36d5b8c5331a8237268c48f91253c3a364"},
    {file = "numpy-1.25.2-cp311-cp311-win32.whl", hash = "sha256:5883c06bb92f2e6c8181df7b39971a5fb436288db58b5a1c3967702d4278691d"},
    {file = "numpy-1.25.2-cp311-cp311-win_amd64.whl", hash = "sha256:5c97325a0ba6f9d041feb9390924614b60b99209a71a69c876f71052521d42a4"},
    {file = "numpy-1.25.2-cp39-cp39-macosx_10_9_x86_64.whl", hash = "sha256:b79e513d7aac42ae918db3ad1341a015488530d0bb2a6abcbdd10a3a829ccfd3"},
    {file = "numpy-1.25.2-cp39-cp39-macosx_11_0_arm64.whl", hash = "sha256:eb942bfb6f84df5ce05dbf4b46673ffed0d3da59f13635ea9b926af3deb76926"},
    {file = "numpy-1.25.2-cp39-cp39-manylinux_2_17_aarch64.manylinux2014_aarch64.whl", hash = "sha256:3e0746410e73384e70d286f93abf2520035250aad8c5714240b0492a7302fdca"},
    {file = "numpy-1.25.2-cp39-cp39-manylinux_2_17_x86_64.manylinux2014_x86_64.whl", hash = "sha256:d7806500e4f5bdd04095e849265e55de20d8cc4b661b038957354327f6d9b295"},
    {file = "numpy-1.25.2-cp39-cp39-musllinux_1_1_x86_64.whl", hash = "sha256:8b77775f4b7df768967a7c8b3567e309f617dd5e99aeb886fa14dc1a0791141f"},
    {file = "numpy-1.25.2-cp39-cp39-win32.whl", hash = "sha256:2792d23d62ec51e50ce4d4b7d73de8f67a2fd3ea710dcbc8563a51a03fb07b01"},
    {file = "numpy-1.25.2-cp39-cp39-win_amd64.whl", hash = "sha256:76b4115d42a7dfc5d485d358728cdd8719be33cc5ec6ec08632a5d6fca2ed380"},
    {file = "numpy-1.25.2-pp39-pypy39_pp73-macosx_10_9_x86_64.whl", hash = "sha256:1a1329e26f46230bf77b02cc19e900db9b52f398d6722ca853349a782d4cff55"},
    {file = "numpy-1.25.2-pp39-pypy39_pp73-manylinux_2_17_x86_64.manylinux2014_x86_64.whl", hash = "sha256:4c3abc71e8b6edba80a01a52e66d83c5d14433cbcd26a40c329ec7ed09f37901"},
    {file = "numpy-1.25.2-pp39-pypy39_pp73-win_amd64.whl", hash = "sha256:1b9735c27cea5d995496f46a8b1cd7b408b3f34b6d50459d9ac8fe3a20cc17bf"},
    {file = "numpy-1.25.2.tar.gz", hash = "sha256:fd608e19c8d7c55021dffd43bfe5492fab8cc105cc8986f813f8c3c048b38760"},
]

[[package]]
name = "packaging"
version = "23.2"
description = "Core utilities for Python packages"
optional = false
python-versions = ">=3.7"
files = [
    {file = "packaging-23.2-py3-none-any.whl", hash = "sha256:8c491190033a9af7e1d931d0b5dacc2ef47509b34dd0de67ed209b5203fc88c7"},
    {file = "packaging-23.2.tar.gz", hash = "sha256:048fb0e9405036518eaaf48a55953c750c11e1a1b68e0dd1a9d62ed0c092cfc5"},
]

[[package]]
name = "pandas"
version = "2.1.0"
description = "Powerful data structures for data analysis, time series, and statistics"
optional = false
python-versions = ">=3.9"
files = [
    {file = "pandas-2.1.0-cp310-cp310-macosx_10_9_x86_64.whl", hash = "sha256:40dd20439ff94f1b2ed55b393ecee9cb6f3b08104c2c40b0cb7186a2f0046242"},
    {file = "pandas-2.1.0-cp310-cp310-macosx_11_0_arm64.whl", hash = "sha256:d4f38e4fedeba580285eaac7ede4f686c6701a9e618d8a857b138a126d067f2f"},
    {file = "pandas-2.1.0-cp310-cp310-manylinux_2_17_aarch64.manylinux2014_aarch64.whl", hash = "sha256:6e6a0fe052cf27ceb29be9429428b4918f3740e37ff185658f40d8702f0b3e09"},
    {file = "pandas-2.1.0-cp310-cp310-manylinux_2_17_x86_64.manylinux2014_x86_64.whl", hash = "sha256:9d81e1813191070440d4c7a413cb673052b3b4a984ffd86b8dd468c45742d3cc"},
    {file = "pandas-2.1.0-cp310-cp310-musllinux_1_1_x86_64.whl", hash = "sha256:eb20252720b1cc1b7d0b2879ffc7e0542dd568f24d7c4b2347cb035206936421"},
    {file = "pandas-2.1.0-cp310-cp310-win_amd64.whl", hash = "sha256:38f74ef7ebc0ffb43b3d633e23d74882bce7e27bfa09607f3c5d3e03ffd9a4a5"},
    {file = "pandas-2.1.0-cp311-cp311-macosx_10_9_x86_64.whl", hash = "sha256:cda72cc8c4761c8f1d97b169661f23a86b16fdb240bdc341173aee17e4d6cedd"},
    {file = "pandas-2.1.0-cp311-cp311-macosx_11_0_arm64.whl", hash = "sha256:d97daeac0db8c993420b10da4f5f5b39b01fc9ca689a17844e07c0a35ac96b4b"},
    {file = "pandas-2.1.0-cp311-cp311-manylinux_2_17_aarch64.manylinux2014_aarch64.whl", hash = "sha256:d8c58b1113892e0c8078f006a167cc210a92bdae23322bb4614f2f0b7a4b510f"},
    {file = "pandas-2.1.0-cp311-cp311-manylinux_2_17_x86_64.manylinux2014_x86_64.whl", hash = "sha256:629124923bcf798965b054a540f9ccdfd60f71361255c81fa1ecd94a904b9dd3"},
    {file = "pandas-2.1.0-cp311-cp311-musllinux_1_1_x86_64.whl", hash = "sha256:70cf866af3ab346a10debba8ea78077cf3a8cd14bd5e4bed3d41555a3280041c"},
    {file = "pandas-2.1.0-cp311-cp311-win_amd64.whl", hash = "sha256:d53c8c1001f6a192ff1de1efe03b31a423d0eee2e9e855e69d004308e046e694"},
    {file = "pandas-2.1.0-cp39-cp39-macosx_10_9_x86_64.whl", hash = "sha256:86f100b3876b8c6d1a2c66207288ead435dc71041ee4aea789e55ef0e06408cb"},
    {file = "pandas-2.1.0-cp39-cp39-macosx_11_0_arm64.whl", hash = "sha256:28f330845ad21c11db51e02d8d69acc9035edfd1116926ff7245c7215db57957"},
    {file = "pandas-2.1.0-cp39-cp39-manylinux_2_17_aarch64.manylinux2014_aarch64.whl", hash = "sha256:b9a6ccf0963db88f9b12df6720e55f337447aea217f426a22d71f4213a3099a6"},
    {file = "pandas-2.1.0-cp39-cp39-manylinux_2_17_x86_64.manylinux2014_x86_64.whl", hash = "sha256:d99e678180bc59b0c9443314297bddce4ad35727a1a2656dbe585fd78710b3b9"},
    {file = "pandas-2.1.0-cp39-cp39-musllinux_1_1_x86_64.whl", hash = "sha256:b31da36d376d50a1a492efb18097b9101bdbd8b3fbb3f49006e02d4495d4c644"},
    {file = "pandas-2.1.0-cp39-cp39-win_amd64.whl", hash = "sha256:0164b85937707ec7f70b34a6c3a578dbf0f50787f910f21ca3b26a7fd3363437"},
    {file = "pandas-2.1.0.tar.gz", hash = "sha256:62c24c7fc59e42b775ce0679cfa7b14a5f9bfb7643cfbe708c960699e05fb918"},
]

[package.dependencies]
numpy = {version = ">=1.23.2", markers = "python_version >= \"3.11\""}
python-dateutil = ">=2.8.2"
pytz = ">=2020.1"
tzdata = ">=2022.1"

[package.extras]
all = ["PyQt5 (>=5.15.6)", "SQLAlchemy (>=1.4.36)", "beautifulsoup4 (>=4.11.1)", "bottleneck (>=1.3.4)", "dataframe-api-compat (>=0.1.7)", "fastparquet (>=0.8.1)", "fsspec (>=2022.05.0)", "gcsfs (>=2022.05.0)", "html5lib (>=1.1)", "hypothesis (>=6.46.1)", "jinja2 (>=3.1.2)", "lxml (>=4.8.0)", "matplotlib (>=3.6.1)", "numba (>=0.55.2)", "numexpr (>=2.8.0)", "odfpy (>=1.4.1)", "openpyxl (>=3.0.10)", "pandas-gbq (>=0.17.5)", "psycopg2 (>=2.9.3)", "pyarrow (>=7.0.0)", "pymysql (>=1.0.2)", "pyreadstat (>=1.1.5)", "pytest (>=7.3.2)", "pytest-asyncio (>=0.17.0)", "pytest-xdist (>=2.2.0)", "pyxlsb (>=1.0.9)", "qtpy (>=2.2.0)", "s3fs (>=2022.05.0)", "scipy (>=1.8.1)", "tables (>=3.7.0)", "tabulate (>=0.8.10)", "xarray (>=2022.03.0)", "xlrd (>=2.0.1)", "xlsxwriter (>=3.0.3)", "zstandard (>=0.17.0)"]
aws = ["s3fs (>=2022.05.0)"]
clipboard = ["PyQt5 (>=5.15.6)", "qtpy (>=2.2.0)"]
compression = ["zstandard (>=0.17.0)"]
computation = ["scipy (>=1.8.1)", "xarray (>=2022.03.0)"]
consortium-standard = ["dataframe-api-compat (>=0.1.7)"]
excel = ["odfpy (>=1.4.1)", "openpyxl (>=3.0.10)", "pyxlsb (>=1.0.9)", "xlrd (>=2.0.1)", "xlsxwriter (>=3.0.3)"]
feather = ["pyarrow (>=7.0.0)"]
fss = ["fsspec (>=2022.05.0)"]
gcp = ["gcsfs (>=2022.05.0)", "pandas-gbq (>=0.17.5)"]
hdf5 = ["tables (>=3.7.0)"]
html = ["beautifulsoup4 (>=4.11.1)", "html5lib (>=1.1)", "lxml (>=4.8.0)"]
mysql = ["SQLAlchemy (>=1.4.36)", "pymysql (>=1.0.2)"]
output-formatting = ["jinja2 (>=3.1.2)", "tabulate (>=0.8.10)"]
parquet = ["pyarrow (>=7.0.0)"]
performance = ["bottleneck (>=1.3.4)", "numba (>=0.55.2)", "numexpr (>=2.8.0)"]
plot = ["matplotlib (>=3.6.1)"]
postgresql = ["SQLAlchemy (>=1.4.36)", "psycopg2 (>=2.9.3)"]
spss = ["pyreadstat (>=1.1.5)"]
sql-other = ["SQLAlchemy (>=1.4.36)"]
test = ["hypothesis (>=6.46.1)", "pytest (>=7.3.2)", "pytest-asyncio (>=0.17.0)", "pytest-xdist (>=2.2.0)"]
xml = ["lxml (>=4.8.0)"]

[[package]]
name = "pandas"
version = "2.1.1"
description = "Powerful data structures for data analysis, time series, and statistics"
optional = false
python-versions = ">=3.9"
files = [
    {file = "pandas-2.1.1-cp310-cp310-macosx_10_9_x86_64.whl", hash = "sha256:58d997dbee0d4b64f3cb881a24f918b5f25dd64ddf31f467bb9b67ae4c63a1e4"},
    {file = "pandas-2.1.1-cp310-cp310-macosx_11_0_arm64.whl", hash = "sha256:02304e11582c5d090e5a52aec726f31fe3f42895d6bfc1f28738f9b64b6f0614"},
    {file = "pandas-2.1.1-cp310-cp310-manylinux_2_17_aarch64.manylinux2014_aarch64.whl", hash = "sha256:ffa8f0966de2c22de408d0e322db2faed6f6e74265aa0856f3824813cf124363"},
    {file = "pandas-2.1.1-cp310-cp310-manylinux_2_17_x86_64.manylinux2014_x86_64.whl", hash = "sha256:c1f84c144dee086fe4f04a472b5cd51e680f061adf75c1ae4fc3a9275560f8f4"},
    {file = "pandas-2.1.1-cp310-cp310-musllinux_1_1_x86_64.whl", hash = "sha256:75ce97667d06d69396d72be074f0556698c7f662029322027c226fd7a26965cb"},
    {file = "pandas-2.1.1-cp310-cp310-win_amd64.whl", hash = "sha256:4c3f32fd7c4dccd035f71734df39231ac1a6ff95e8bdab8d891167197b7018d2"},
    {file = "pandas-2.1.1-cp311-cp311-macosx_10_9_x86_64.whl", hash = "sha256:9e2959720b70e106bb1d8b6eadd8ecd7c8e99ccdbe03ee03260877184bb2877d"},
    {file = "pandas-2.1.1-cp311-cp311-macosx_11_0_arm64.whl", hash = "sha256:25e8474a8eb258e391e30c288eecec565bfed3e026f312b0cbd709a63906b6f8"},
    {file = "pandas-2.1.1-cp311-cp311-manylinux_2_17_aarch64.manylinux2014_aarch64.whl", hash = "sha256:b8bd1685556f3374520466998929bade3076aeae77c3e67ada5ed2b90b4de7f0"},
    {file = "pandas-2.1.1-cp311-cp311-manylinux_2_17_x86_64.manylinux2014_x86_64.whl", hash = "sha256:dc3657869c7902810f32bd072f0740487f9e030c1a3ab03e0af093db35a9d14e"},
    {file = "pandas-2.1.1-cp311-cp311-musllinux_1_1_x86_64.whl", hash = "sha256:05674536bd477af36aa2effd4ec8f71b92234ce0cc174de34fd21e2ee99adbc2"},
    {file = "pandas-2.1.1-cp311-cp311-win_amd64.whl", hash = "sha256:b407381258a667df49d58a1b637be33e514b07f9285feb27769cedb3ab3d0b3a"},
    {file = "pandas-2.1.1-cp312-cp312-macosx_10_9_x86_64.whl", hash = "sha256:c747793c4e9dcece7bb20156179529898abf505fe32cb40c4052107a3c620b49"},
    {file = "pandas-2.1.1-cp312-cp312-macosx_11_0_arm64.whl", hash = "sha256:3bcad1e6fb34b727b016775bea407311f7721db87e5b409e6542f4546a4951ea"},
    {file = "pandas-2.1.1-cp312-cp312-manylinux_2_17_aarch64.manylinux2014_aarch64.whl", hash = "sha256:f5ec7740f9ccb90aec64edd71434711f58ee0ea7f5ed4ac48be11cfa9abf7317"},
    {file = "pandas-2.1.1-cp312-cp312-manylinux_2_17_x86_64.manylinux2014_x86_64.whl", hash = "sha256:29deb61de5a8a93bdd033df328441a79fcf8dd3c12d5ed0b41a395eef9cd76f0"},
    {file = "pandas-2.1.1-cp312-cp312-musllinux_1_1_x86_64.whl", hash = "sha256:4f99bebf19b7e03cf80a4e770a3e65eee9dd4e2679039f542d7c1ace7b7b1daa"},
    {file = "pandas-2.1.1-cp312-cp312-win_amd64.whl", hash = "sha256:84e7e910096416adec68075dc87b986ff202920fb8704e6d9c8c9897fe7332d6"},
    {file = "pandas-2.1.1-cp39-cp39-macosx_10_9_x86_64.whl", hash = "sha256:366da7b0e540d1b908886d4feb3d951f2f1e572e655c1160f5fde28ad4abb750"},
    {file = "pandas-2.1.1-cp39-cp39-macosx_11_0_arm64.whl", hash = "sha256:9e50e72b667415a816ac27dfcfe686dc5a0b02202e06196b943d54c4f9c7693e"},
    {file = "pandas-2.1.1-cp39-cp39-manylinux_2_17_aarch64.manylinux2014_aarch64.whl", hash = "sha256:cc1ab6a25da197f03ebe6d8fa17273126120874386b4ac11c1d687df288542dd"},
    {file = "pandas-2.1.1-cp39-cp39-manylinux_2_17_x86_64.manylinux2014_x86_64.whl", hash = "sha256:a0dbfea0dd3901ad4ce2306575c54348d98499c95be01b8d885a2737fe4d7a98"},
    {file = "pandas-2.1.1-cp39-cp39-musllinux_1_1_x86_64.whl", hash = "sha256:0489b0e6aa3d907e909aef92975edae89b1ee1654db5eafb9be633b0124abe97"},
    {file = "pandas-2.1.1-cp39-cp39-win_amd64.whl", hash = "sha256:4cdb0fab0400c2cb46dafcf1a0fe084c8bb2480a1fa8d81e19d15e12e6d4ded2"},
    {file = "pandas-2.1.1.tar.gz", hash = "sha256:fecb198dc389429be557cde50a2d46da8434a17fe37d7d41ff102e3987fd947b"},
]

[package.dependencies]
numpy = {version = ">=1.23.2", markers = "python_version == \"3.11\""}
python-dateutil = ">=2.8.2"
pytz = ">=2020.1"
tzdata = ">=2022.1"

[package.extras]
all = ["PyQt5 (>=5.15.6)", "SQLAlchemy (>=1.4.36)", "beautifulsoup4 (>=4.11.1)", "bottleneck (>=1.3.4)", "dataframe-api-compat (>=0.1.7)", "fastparquet (>=0.8.1)", "fsspec (>=2022.05.0)", "gcsfs (>=2022.05.0)", "html5lib (>=1.1)", "hypothesis (>=6.46.1)", "jinja2 (>=3.1.2)", "lxml (>=4.8.0)", "matplotlib (>=3.6.1)", "numba (>=0.55.2)", "numexpr (>=2.8.0)", "odfpy (>=1.4.1)", "openpyxl (>=3.0.10)", "pandas-gbq (>=0.17.5)", "psycopg2 (>=2.9.3)", "pyarrow (>=7.0.0)", "pymysql (>=1.0.2)", "pyreadstat (>=1.1.5)", "pytest (>=7.3.2)", "pytest-asyncio (>=0.17.0)", "pytest-xdist (>=2.2.0)", "pyxlsb (>=1.0.9)", "qtpy (>=2.2.0)", "s3fs (>=2022.05.0)", "scipy (>=1.8.1)", "tables (>=3.7.0)", "tabulate (>=0.8.10)", "xarray (>=2022.03.0)", "xlrd (>=2.0.1)", "xlsxwriter (>=3.0.3)", "zstandard (>=0.17.0)"]
aws = ["s3fs (>=2022.05.0)"]
clipboard = ["PyQt5 (>=5.15.6)", "qtpy (>=2.2.0)"]
compression = ["zstandard (>=0.17.0)"]
computation = ["scipy (>=1.8.1)", "xarray (>=2022.03.0)"]
consortium-standard = ["dataframe-api-compat (>=0.1.7)"]
excel = ["odfpy (>=1.4.1)", "openpyxl (>=3.0.10)", "pyxlsb (>=1.0.9)", "xlrd (>=2.0.1)", "xlsxwriter (>=3.0.3)"]
feather = ["pyarrow (>=7.0.0)"]
fss = ["fsspec (>=2022.05.0)"]
gcp = ["gcsfs (>=2022.05.0)", "pandas-gbq (>=0.17.5)"]
hdf5 = ["tables (>=3.7.0)"]
html = ["beautifulsoup4 (>=4.11.1)", "html5lib (>=1.1)", "lxml (>=4.8.0)"]
mysql = ["SQLAlchemy (>=1.4.36)", "pymysql (>=1.0.2)"]
output-formatting = ["jinja2 (>=3.1.2)", "tabulate (>=0.8.10)"]
parquet = ["pyarrow (>=7.0.0)"]
performance = ["bottleneck (>=1.3.4)", "numba (>=0.55.2)", "numexpr (>=2.8.0)"]
plot = ["matplotlib (>=3.6.1)"]
postgresql = ["SQLAlchemy (>=1.4.36)", "psycopg2 (>=2.9.3)"]
spss = ["pyreadstat (>=1.1.5)"]
sql-other = ["SQLAlchemy (>=1.4.36)"]
test = ["hypothesis (>=6.46.1)", "pytest (>=7.3.2)", "pytest-asyncio (>=0.17.0)", "pytest-xdist (>=2.2.0)"]
xml = ["lxml (>=4.8.0)"]

[[package]]
name = "polars"
version = "0.19.7"
description = "Blazingly fast DataFrame library"
optional = false
python-versions = ">=3.8"
files = [
    {file = "polars-0.19.7-cp38-abi3-macosx_10_12_x86_64.whl", hash = "sha256:c0f0c40abbd6eb5f8356812cfdc40f6c0a4243f61c838bea12ba97a03805c09f"},
    {file = "polars-0.19.7-cp38-abi3-macosx_11_0_arm64.whl", hash = "sha256:0b03ff38ff673d0f802e6756873f1b26e21917f6043876e845212e0a50d26a33"},
    {file = "polars-0.19.7-cp38-abi3-manylinux_2_17_aarch64.manylinux2014_aarch64.whl", hash = "sha256:c99eba34260e83fa3f7105348e4c442b0c3196510be9c7c7fc6ddc0af7b580f7"},
    {file = "polars-0.19.7-cp38-abi3-manylinux_2_17_x86_64.manylinux2014_x86_64.whl", hash = "sha256:b49f6d5dad6fa2ddbe8994481edfb42fec396d59f8a72c2ddfeb6839e21166e6"},
    {file = "polars-0.19.7-cp38-abi3-win_amd64.whl", hash = "sha256:cf6349c168324362208653fb379b77ac10d565febf45c28c60f4240ecbbece03"},
    {file = "polars-0.19.7.tar.gz", hash = "sha256:623a348b4a6d118923f3efb906936137744667f32b766891aa67d144912d9f5a"},
]

[package.extras]
adbc = ["adbc_driver_sqlite"]
all = ["polars[adbc,cloudpickle,connectorx,deltalake,fsspec,gevent,matplotlib,numpy,pandas,pyarrow,pydantic,pyiceberg,sqlalchemy,timezone,xlsx2csv,xlsxwriter]"]
cloudpickle = ["cloudpickle"]
connectorx = ["connectorx"]
deltalake = ["deltalake (>=0.10.0)"]
fsspec = ["fsspec"]
gevent = ["gevent"]
matplotlib = ["matplotlib"]
numpy = ["numpy (>=1.16.0)"]
openpyxl = ["openpyxl (>=3.0.0)"]
pandas = ["pandas", "pyarrow (>=7.0.0)"]
pyarrow = ["pyarrow (>=7.0.0)"]
pydantic = ["pydantic"]
pyiceberg = ["pyiceberg (>=0.5.0)"]
pyxlsb = ["pyxlsb (>=1.0)"]
sqlalchemy = ["pandas", "sqlalchemy"]
timezone = ["backports.zoneinfo", "tzdata"]
xlsx2csv = ["xlsx2csv (>=0.8.0)"]
xlsxwriter = ["xlsxwriter"]

[[package]]
name = "pypdf2"
version = "3.0.1"
description = "A pure-python PDF library capable of splitting, merging, cropping, and transforming PDF files"
optional = false
python-versions = ">=3.6"
files = [
    {file = "PyPDF2-3.0.1.tar.gz", hash = "sha256:a74408f69ba6271f71b9352ef4ed03dc53a31aa404d29b5d31f53bfecfee1440"},
    {file = "pypdf2-3.0.1-py3-none-any.whl", hash = "sha256:d16e4205cfee272fbdc0568b68d82be796540b1537508cef59388f839c191928"},
]

[package.extras]
crypto = ["PyCryptodome"]
dev = ["black", "flit", "pip-tools", "pre-commit (<2.18.0)", "pytest-cov", "wheel"]
docs = ["myst_parser", "sphinx", "sphinx_rtd_theme"]
full = ["Pillow", "PyCryptodome"]
image = ["Pillow"]

[[package]]
name = "python-dateutil"
version = "2.8.2"
description = "Extensions to the standard Python datetime module"
optional = false
python-versions = "!=3.0.*,!=3.1.*,!=3.2.*,>=2.7"
files = [
    {file = "python-dateutil-2.8.2.tar.gz", hash = "sha256:0123cacc1627ae19ddf3c27a5de5bd67ee4586fbdd6440d9748f8abb483d3e86"},
    {file = "python_dateutil-2.8.2-py2.py3-none-any.whl", hash = "sha256:961d03dc3453ebbc59dbdea9e4e11c5651520a876d0f4db161e8674aae935da9"},
]

[package.dependencies]
six = ">=1.5"

[[package]]
name = "pytz"
version = "2023.3.post1"
description = "World timezone definitions, modern and historical"
optional = false
python-versions = "*"
files = [
    {file = "pytz-2023.3.post1-py2.py3-none-any.whl", hash = "sha256:ce42d816b81b68506614c11e8937d3aa9e41007ceb50bfdcb0749b921bf646c7"},
    {file = "pytz-2023.3.post1.tar.gz", hash = "sha256:7b4fddbeb94a1eba4b557da24f19fdf9db575192544270a9101d8509f9f43d7b"},
]

[[package]]
name = "six"
version = "1.16.0"
description = "Python 2 and 3 compatibility utilities"
optional = false
python-versions = ">=2.7, !=3.0.*, !=3.1.*, !=3.2.*"
files = [
    {file = "six-1.16.0-py2.py3-none-any.whl", hash = "sha256:8abb2f1d86890a2dfb989f9a77cfcfd3e47c2a354b01111771326f8aa26e0254"},
    {file = "six-1.16.0.tar.gz", hash = "sha256:1e61c37477a1626458e36f7b1d82aa5c9b094fa4802892072e49de9c60c4c926"},
]

[[package]]
name = "tabula-py"
version = "2.8.2"
description = "Simple wrapper for tabula-java, read tables from PDF into DataFrame"
optional = false
python-versions = ">=3.8"
files = [
    {file = "tabula-py-2.8.2.tar.gz", hash = "sha256:d73593a11c29e1c14b1a0ede91cd5ef63668118f8a2b085fe77e78c616b1cb33"},
    {file = "tabula_py-2.8.2-py3-none-any.whl", hash = "sha256:046d1680959cb5a146f92d9c0c6fb16f68ee2820f541ddbc1df986bfe737aa81"},
]

[package.dependencies]
distro = "*"
jpype1 = "*"
numpy = "*"
pandas = ">=0.25.3"

[package.extras]
dev = ["Flake8-pyproject", "black", "flake8", "isort", "mypy", "pytest"]
doc = ["Jinja2 (==3.1.2)", "sphinx (==7.1.2)", "sphinx-rtd-theme (==1.3.0)"]
test = ["pytest"]

[[package]]
name = "tzdata"
version = "2023.3"
description = "Provider of IANA time zone data"
optional = false
python-versions = ">=2"
files = [
    {file = "tzdata-2023.3-py2.py3-none-any.whl", hash = "sha256:7e65763eef3120314099b6939b5546db7adce1e7d6f2e179e3df563c70511eda"},
    {file = "tzdata-2023.3.tar.gz", hash = "sha256:11ef1e08e54acb0d4f95bdb1be05da659673de4acbd21bf9c69e94cc5e907a3a"},
]

[metadata]
lock-version = "2.0"
python-versions = "^3.11"
content-hash = "7b02fc8b4112557831fac018fb3cb82c2d20e8ccc155f0c5dd07a308f83b06cd"
