{
  "R": {
    "Version": "4.2.2",
    "Repositories": [
      {
        "Name": "CRAN",
        "URL": "https://cloud.r-project.org"
      }
    ]
  },
  "Packages": {
    "Rcpp": {
      "Package": "Rcpp",
      "Version": "1.0.10",
      "Source": "Repository",
      "Repository": "CRAN",
      "Requirements": [
        "methods",
        "utils"
      ],
      "Hash": "e749cae40fa9ef469b6050959517453c"
    },
    "askpass": {
      "Package": "askpass",
      "Version": "1.1",
      "Source": "Repository",
      "Repository": "CRAN",
      "Requirements": [
        "sys"
      ],
      "Hash": "e8a22846fff485f0be3770c2da758713"
    },
    "box": {
      "Package": "box",
      "Version": "1.1.3",
      "Source": "Repository",
      "Repository": "CRAN",
      "Requirements": [
        "R",
        "tools"
      ],
      "Hash": "ce8187a260e8e3abc2294284badc3b76"
    },
    "curl": {
      "Package": "curl",
      "Version": "5.0.0",
      "Source": "Repository",
      "Repository": "CRAN",
      "Requirements": [
        "R"
      ],
      "Hash": "e4f97056611e8e6b8b852d13b7400cf1"
    },
    "data.table": {
      "Package": "data.table",
      "Version": "1.14.8",
      "Source": "Repository",
      "Repository": "CRAN",
      "Requirements": [
        "R",
        "methods"
      ],
      "Hash": "b4c06e554f33344e044ccd7fdca750a9"
    },
    "pdftools": {
      "Package": "pdftools",
      "Version": "3.3.3",
      "Source": "Repository",
      "Repository": "CRAN",
      "Requirements": [
        "Rcpp",
        "qpdf"
      ],
      "Hash": "8072f379ae37e914e5adc0a3fd8c513c"
    },
    "qpdf": {
      "Package": "qpdf",
      "Version": "1.3.2",
      "Source": "Repository",
      "Repository": "CRAN",
      "Requirements": [
        "Rcpp",
        "askpass",
        "curl"
      ],
      "Hash": "e233fd211c74cb9297f4ab898ea2c18a"
    },
    "renv": {
      "Package": "renv",
      "Version": "0.17.0",
      "Source": "Repository",
      "Repository": "CRAN",
      "Requirements": [
        "utils"
      ],
      "Hash": "ce3065fc1a0b64a859f55ac3998d6927"
    },
    "sys": {
      "Package": "sys",
      "Version": "3.4.1",
      "Source": "Repository",
      "Repository": "CRAN",
      "Hash": "34c16f1ef796057bfa06d3f4ff818a5d"
    }
  }
}
